PODS:
  - device_info_plus (0.0.1):
    - Flutter
  - Flutter (1.0.0)
  - integration_test (0.0.1):
    - Flutter
  - permission_handler_apple (9.0.4):
    - Flutter
  - polar (0.0.1):
    - Flutter
    - PolarBleSdk (~> 4.0.0)
  - PolarBleSdk (4.0.0):
    - RxSwift (~> 6.5.0)
    - SwiftProtobuf (~> 1.0)
  - RxSwift (6.5.0)
  - SwiftProtobuf (1.20.3)

DEPENDENCIES:
  - device_info_plus (from `.symlinks/plugins/device_info_plus/ios`)
  - Flutter (from `Flutter`)
  - integration_test (from `.symlinks/plugins/integration_test/ios`)
  - permission_handler_apple (from `.symlinks/plugins/permission_handler_apple/ios`)
  - polar (from `.symlinks/plugins/polar/ios`)

SPEC REPOS:
  trunk:
    - PolarBleSdk
    - RxSwift
    - SwiftProtobuf

EXTERNAL SOURCES:
  device_info_plus:
    :path: ".symlinks/plugins/device_info_plus/ios"
  Flutter:
    :path: Flutter
  integration_test:
    :path: ".symlinks/plugins/integration_test/ios"
  permission_handler_apple:
    :path: ".symlinks/plugins/permission_handler_apple/ios"
  polar:
    :path: ".symlinks/plugins/polar/ios"

SPEC CHECKSUMS:
  device_info_plus: e5c5da33f982a436e103237c0c85f9031142abed
  Flutter: f04841e97a9d0b0a8025694d0796dd46242b2854
  integration_test: a1e7d09bd98eca2fc37aefd79d4f41ad37bdbbe5
  permission_handler_apple: 44366e37eaf29454a1e7b1b7d736c2cceaeb17ce
  polar: 16586f75956b711a0bcea8a51049dad1089339e4
  PolarBleSdk: 0611235ce501ae3a51dc0088453850e78b66c92c
  RxSwift: 5710a9e6b17f3c3d6e40d6e559b9fa1e813b2ef8
  SwiftProtobuf: b02b5075dcf60c9f5f403000b3b0c202a11b6ae1

PODFILE CHECKSUM: d2243213672c3c48aae53c36642ba411a6be7309

COCOAPODS: 1.11.3
